
Microsoft Visual Studio Solution File, Format Version 12.00
Project("{FAE04EC0-301F-11D3-BF4B-00C04F79EFBC}") = "used_car_dealership_app", "used_car_dealership_app\used_car_dealership_app.csproj", "{DAAE7075-61E3-48FE-B1A6-B3B4E4E6A728}"
EndProject
Global
	GlobalSection(SolutionConfigurationPlatforms) = preSolution
		Debug|Any CPU = Debug|Any CPU
		Release|Any CPU = Release|Any CPU
	EndGlobalSection
	GlobalSection(ProjectConfigurationPlatforms) = postSolution
		{DAAE7075-61E3-48FE-B1A6-B3B4E4E6A728}.Debug|Any CPU.ActiveCfg = Debug|Any CPU
		{DAAE7075-61E3-48FE-B1A6-B3B4E4E6A728}.Debug|Any CPU.Build.0 = Debug|Any CPU
		{DAAE7075-61E3-48FE-B1A6-B3B4E4E6A728}.Release|Any CPU.ActiveCfg = Release|Any CPU
		{DAAE7075-61E3-48FE-B1A6-B3B4E4E6A728}.Release|Any CPU.Build.0 = Release|Any CPU
	EndGlobalSection
EndGlobal
